
Microsoft Visual Studio Solution File, Format Version 12.00
# Visual Studio Version 16
VisualStudioVersion = 16.0.29613.14
MinimumVisualStudioVersion = 10.0.40219.1
Project("{888888A0-9F3D-457C-B088-3A5042F75D52}") = "Mark_7", "Mark_7.pyproj", "{FB3D6471-AE0D-428C-8E91-99C64521F6E7}"
EndProject
Global
	GlobalSection(SolutionConfigurationPlatforms) = preSolution
		Debug|Any CPU = Debug|Any CPU
		Release|Any CPU = Release|Any CPU
	EndGlobalSection
	GlobalSection(ProjectConfigurationPlatforms) = postSolution
		{FB3D6471-AE0D-428C-8E91-99C64521F6E7}.Debug|Any CPU.ActiveCfg = Debug|Any CPU
		{FB3D6471-AE0D-428C-8E91-99C64521F6E7}.Release|Any CPU.ActiveCfg = Release|Any CPU
	EndGlobalSection
	GlobalSection(SolutionProperties) = preSolution
		HideSolutionNode = FALSE
	EndGlobalSection
	GlobalSection(ExtensibilityGlobals) = postSolution
		SolutionGuid = {E5BD179F-6AB2-4D4B-830F-8124134B06CC}
	EndGlobalSection
EndGlobal
