
Microsoft Visual Studio Solution File, Format Version 12.00
# Visual Studio Version 16
VisualStudioVersion = 16.0.29613.14
MinimumVisualStudioVersion = 10.0.40219.1
Project("{888888A0-9F3D-457C-B088-3A5042F75D52}") = "Mark_5", "Mark_5.pyproj", "{49965C4D-F4FD-44DE-8625-80BD8E3883E9}"
EndProject
Global
	GlobalSection(SolutionConfigurationPlatforms) = preSolution
		Debug|Any CPU = Debug|Any CPU
		Release|Any CPU = Release|Any CPU
	EndGlobalSection
	GlobalSection(ProjectConfigurationPlatforms) = postSolution
		{49965C4D-F4FD-44DE-8625-80BD8E3883E9}.Debug|Any CPU.ActiveCfg = Debug|Any CPU
		{49965C4D-F4FD-44DE-8625-80BD8E3883E9}.Release|Any CPU.ActiveCfg = Release|Any CPU
	EndGlobalSection
	GlobalSection(SolutionProperties) = preSolution
		HideSolutionNode = FALSE
	EndGlobalSection
	GlobalSection(ExtensibilityGlobals) = postSolution
		SolutionGuid = {5FA7F032-49E2-4714-B99A-2CF4BF4646D7}
	EndGlobalSection
EndGlobal
